
Microsoft Visual Studio Solution File, Format Version 12.00
# Visual Studio Version 16
VisualStudioVersion = 16.0.30413.136
MinimumVisualStudioVersion = 10.0.40219.1
Project("{FAE04EC0-301F-11D3-BF4B-00C04F79EFBC}") = "Squeak", "Squeak.csproj", "{B36CA995-B475-427F-B209-4E7F0835023D}"
EndProject
Global
	GlobalSection(SolutionConfigurationPlatforms) = preSolution
		Debug|Any CPU = Debug|Any CPU
		Release|Any CPU = Release|Any CPU
	EndGlobalSection
	GlobalSection(ProjectConfigurationPlatforms) = postSolution
		{B36CA995-B475-427F-B209-4E7F0835023D}.Debug|Any CPU.ActiveCfg = Debug|Any CPU
		{B36CA995-B475-427F-B209-4E7F0835023D}.Debug|Any CPU.Build.0 = Debug|Any CPU
		{B36CA995-B475-427F-B209-4E7F0835023D}.Release|Any CPU.ActiveCfg = Release|Any CPU
		{B36CA995-B475-427F-B209-4E7F0835023D}.Release|Any CPU.Build.0 = Release|Any CPU
	EndGlobalSection
	GlobalSection(SolutionProperties) = preSolution
		HideSolutionNode = FALSE
	EndGlobalSection
	GlobalSection(ExtensibilityGlobals) = postSolution
		SolutionGuid = {C3C8B6DE-7283-4C69-A858-FC0CAA4557B4}
	EndGlobalSection
EndGlobal
