
Microsoft Visual Studio Solution File, Format Version 12.00
# Visual Studio Version 16
VisualStudioVersion = 16.0.30413.136
MinimumVisualStudioVersion = 10.0.40219.1
Project("{FAE04EC0-301F-11D3-BF4B-00C04F79EFBC}") = "Sigwhatever", "Sigwhatever.csproj", "{311F097D-17BF-418F-BEE7-BE15C1C93FF7}"
EndProject
Global
	GlobalSection(SolutionConfigurationPlatforms) = preSolution
		Debug|Any CPU = Debug|Any CPU
		Release|Any CPU = Release|Any CPU
	EndGlobalSection
	GlobalSection(ProjectConfigurationPlatforms) = postSolution
		{311F097D-17BF-418F-BEE7-BE15C1C93FF7}.Debug|Any CPU.ActiveCfg = Debug|Any CPU
		{311F097D-17BF-418F-BEE7-BE15C1C93FF7}.Debug|Any CPU.Build.0 = Debug|Any CPU
		{311F097D-17BF-418F-BEE7-BE15C1C93FF7}.Release|Any CPU.ActiveCfg = Release|Any CPU
		{311F097D-17BF-418F-BEE7-BE15C1C93FF7}.Release|Any CPU.Build.0 = Release|Any CPU
	EndGlobalSection
	GlobalSection(SolutionProperties) = preSolution
		HideSolutionNode = FALSE
	EndGlobalSection
	GlobalSection(ExtensibilityGlobals) = postSolution
		SolutionGuid = {E031305F-6E82-4745-A3E6-32E3FDB65401}
	EndGlobalSection
EndGlobal
